
Microsoft Visual Studio Solution File, Format Version 12.00
# Visual Studio Version 17
VisualStudioVersion = 17.2.32630.192
MinimumVisualStudioVersion = 10.0.40219.1

Project("{8BC9CEB8-8B4A-11D0-8D11-00A0C91BC942}") = "Core", "Core\Core.vcxproj", "{71B84818-FB3F-487F-869E-FF1736A1A73A}"
EndProject

Project("{8BC9CEB8-8B4A-11D0-8D11-00A0C91BC942}") = "Wrapper.Net60", "Cli.Net6.0\Wrapper.Net60.vcxproj", "{5DF2990C-04C6-4EBA-B481-200E41CE91C3}"
EndProject

Project("{8BC9CEB8-8B4A-11D0-8D11-00A0C91BC942}") = "Wrapper.Net48", "Cli.Net4.8\Wrapper.Net48.vcxproj", "{4E90FA41-1BB3-45CA-8FB1-45A39EA26F84}"
EndProject

Project("{F184B08F-C81C-45F6-A57F-5ABD9991F28F}") = "View", "View\View.vbproj", "{420B55E8-66A4-450F-831E-7185C8E2F849}"
EndProject

Global
    GlobalSection(SolutionConfigurationPlatforms) = preSolution
        Debug|Any CPU = Debug|Any CPU
        Debug|x64 = Debug|x64
        Debug|x86 = Debug|x86
        Release|Any CPU = Release|Any CPU
        Release|x64 = Release|x64
        Release|x86 = Release|x86
    EndGlobalSection

    GlobalSection(ProjectConfigurationPlatforms) = postSolution
        {71B84818-FB3F-487F-869E-FF1736A1A73A}.Debug|Any CPU.ActiveCfg = Debug|x64
        {71B84818-FB3F-487F-869E-FF1736A1A73A}.Debug|Any CPU.Build.0 = Debug|x64
        {71B84818-FB3F-487F-869E-FF1736A1A73A}.Debug|x64.ActiveCfg = Debug|x64
        {71B84818-FB3F-487F-869E-FF1736A1A73A}.Debug|x64.Build.0 = Debug|x64
        {71B84818-FB3F-487F-869E-FF1736A1A73A}.Debug|x86.ActiveCfg = Debug|Win32
        {71B84818-FB3F-487F-869E-FF1736A1A73A}.Debug|x86.Build.0 = Debug|Win32
        {71B84818-FB3F-487F-869E-FF1736A1A73A}.Release|Any CPU.ActiveCfg = Release|x64
        {71B84818-FB3F-487F-869E-FF1736A1A73A}.Release|Any CPU.Build.0 = Release|x64
        {71B84818-FB3F-487F-869E-FF1736A1A73A}.Release|x64.ActiveCfg = Release|x64
        {71B84818-FB3F-487F-869E-FF1736A1A73A}.Release|x64.Build.0 = Release|x64
        {71B84818-FB3F-487F-869E-FF1736A1A73A}.Release|x86.ActiveCfg = Release|Win32
        {71B84818-FB3F-487F-869E-FF1736A1A73A}.Release|x86.Build.0 = Release|Win32

        {5DF2990C-04C6-4EBA-B481-200E41CE91C3}.Debug|Any CPU.ActiveCfg = Debug|x64
        {5DF2990C-04C6-4EBA-B481-200E41CE91C3}.Debug|Any CPU.Build.0 = Debug|x64
        {5DF2990C-04C6-4EBA-B481-200E41CE91C3}.Debug|x64.ActiveCfg = Debug|x64
        {5DF2990C-04C6-4EBA-B481-200E41CE91C3}.Debug|x64.Build.0 = Debug|x64
        {5DF2990C-04C6-4EBA-B481-200E41CE91C3}.Debug|x86.ActiveCfg = Debug|Win32
        {5DF2990C-04C6-4EBA-B481-200E41CE91C3}.Debug|x86.Build.0 = Debug|Win32
        {5DF2990C-04C6-4EBA-B481-200E41CE91C3}.Release|Any CPU.ActiveCfg = Release|x64
        {5DF2990C-04C6-4EBA-B481-200E41CE91C3}.Release|Any CPU.Build.0 = Release|x64
        {5DF2990C-04C6-4EBA-B481-200E41CE91C3}.Release|x64.ActiveCfg = Release|x64
        {5DF2990C-04C6-4EBA-B481-200E41CE91C3}.Release|x64.Build.0 = Release|x64
        {5DF2990C-04C6-4EBA-B481-200E41CE91C3}.Release|x86.ActiveCfg = Release|Win32
        {5DF2990C-04C6-4EBA-B481-200E41CE91C3}.Release|x86.Build.0 = Release|Win32

        {4E90FA41-1BB3-45CA-8FB1-45A39EA26F84}.Debug|Any CPU.ActiveCfg = Debug|x64
        {4E90FA41-1BB3-45CA-8FB1-45A39EA26F84}.Debug|Any CPU.Build.0 = Debug|x64
        {4E90FA41-1BB3-45CA-8FB1-45A39EA26F84}.Debug|x64.ActiveCfg = Debug|x64
        {4E90FA41-1BB3-45CA-8FB1-45A39EA26F84}.Debug|x64.Build.0 = Debug|x64
        {4E90FA41-1BB3-45CA-8FB1-45A39EA26F84}.Debug|x86.ActiveCfg = Debug|Win32
        {4E90FA41-1BB3-45CA-8FB1-45A39EA26F84}.Debug|x86.Build.0 = Debug|Win32
        {4E90FA41-1BB3-45CA-8FB1-45A39EA26F84}.Release|Any CPU.ActiveCfg = Release|x64
        {4E90FA41-1BB3-45CA-8FB1-45A39EA26F84}.Release|Any CPU.Build.0 = Release|x64
        {4E90FA41-1BB3-45CA-8FB1-45A39EA26F84}.Release|x64.ActiveCfg = Release|x64
        {4E90FA41-1BB3-45CA-8FB1-45A39EA26F84}.Release|x64.Build.0 = Release|x64
        {4E90FA41-1BB3-45CA-8FB1-45A39EA26F84}.Release|x86.ActiveCfg = Release|Win32
        {4E90FA41-1BB3-45CA-8FB1-45A39EA26F84}.Release|x86.Build.0 = Release|Win32

        {420B55E8-66A4-450F-831E-7185C8E2F849}.Debug|Any CPU.ActiveCfg = Debug|x64
        {420B55E8-66A4-450F-831E-7185C8E2F849}.Debug|Any CPU.Build.0 = Debug|x64
        {420B55E8-66A4-450F-831E-7185C8E2F849}.Debug|x64.ActiveCfg = Debug|x64
        {420B55E8-66A4-450F-831E-7185C8E2F849}.Debug|x64.Build.0 = Debug|x64
        {420B55E8-66A4-450F-831E-7185C8E2F849}.Debug|x86.ActiveCfg = Debug|x86
        {420B55E8-66A4-450F-831E-7185C8E2F849}.Debug|x86.Build.0 = Debug|x86
        {420B55E8-66A4-450F-831E-7185C8E2F849}.Release|Any CPU.ActiveCfg = Release|x64
        {420B55E8-66A4-450F-831E-7185C8E2F849}.Release|Any CPU.Build.0 = Release|x64
        {420B55E8-66A4-450F-831E-7185C8E2F849}.Release|x64.ActiveCfg = Release|x64
        {420B55E8-66A4-450F-831E-7185C8E2F849}.Release|x64.Build.0 = Release|x64
        {420B55E8-66A4-450F-831E-7185C8E2F849}.Release|x86.ActiveCfg = Release|x86
        {420B55E8-66A4-450F-831E-7185C8E2F849}.Release|x86.Build.0 = Release|x86

    EndGlobalSection

    GlobalSection(SolutionProperties) = preSolution
        HideSolutionNode = FALSE
    EndGlobalSection

    GlobalSection(ExtensibilityGlobals) = postSolution
        SolutionGuid = {0A02061A-3F2D-42AA-9A40-E980D4796D25}
    EndGlobalSection

EndGlobal
